
Microsoft Visual Studio Solution File, Format Version 12.00
# Visual Studio Version 17
VisualStudioVersion = 17.0.31903.59
MinimumVisualStudioVersion = 10.0.40219.1
Project("{FAE04EC0-301F-11D3-BF4B-00C04F79EFBC}") = "HarborFlowSuite.Client", "HarborFlowSuite.Client\HarborFlowSuite.Client.csproj", "{D823DC26-4717-468C-AE75-482FF9FED0DC}"
EndProject
Project("{FAE04EC0-301F-11D3-BF4B-00C04F79EFBC}") = "HarborFlowSuite.Server", "HarborFlowSuite.Server\HarborFlowSuite.Server.csproj", "{45B0144C-3AE2-4F18-8334-7705ADE61CF5}"
EndProject
Project("{FAE04EC0-301F-11D3-BF4B-00C04F79EFBC}") = "HarborFlowSuite.Core", "HarborFlowSuite.Core\HarborFlowSuite.Core.csproj", "{50165349-C38A-48A2-B31E-BBFD9F853DA6}"
EndProject
Project("{FAE04EC0-301F-11D3-BF4B-00C04F79EFBC}") = "HarborFlowSuite.Application", "HarborFlowSuite.Application\HarborFlowSuite.Application.csproj", "{D145DB15-6E5F-4B81-B6DF-257EFF31C053}"
EndProject
Project("{FAE04EC0-301F-11D3-BF4B-00C04F79EFBC}") = "HarborFlowSuite.Infrastructure", "HarborFlowSuite.Infrastructure\HarborFlowSuite.Infrastructure.csproj", "{5AFE7FAD-1FB7-4243-B190-EF6097BCF9AF}"
EndProject
Project("{FAE04EC0-301F-11D3-BF4B-00C04F79EFBC}") = "HarborFlowSuite.Application.Tests", "HarborFlowSuite.Application.Tests\HarborFlowSuite.Application.Tests.csproj", "{75A6D57B-B2DC-4ACD-95FD-53404731AB1B}"
EndProject
Project("{FAE04EC0-301F-11D3-BF4B-00C04F79EFBC}") = "HarborFlowSuite.Server.Tests", "HarborFlowSuite.Server.Tests\HarborFlowSuite.Server.Tests.csproj", "{ED4E5F14-CC20-49E7-8A80-3E5F206DBE16}"
EndProject
Project("{FAE04EC0-301F-11D3-BF4B-00C04F79EFBC}") = "HarborFlowSuite.Client.Tests", "HarborFlowSuite.Client.Tests\HarborFlowSuite.Client.Tests.csproj", "{E90DF10C-6595-40B4-8816-9673AA65AB1D}"
EndProject
Global
	GlobalSection(SolutionConfigurationPlatforms) = preSolution
		Debug|Any CPU = Debug|Any CPU
		Debug|x64 = Debug|x64
		Debug|x86 = Debug|x86
		Release|Any CPU = Release|Any CPU
		Release|x64 = Release|x64
		Release|x86 = Release|x86
	EndGlobalSection
	GlobalSection(ProjectConfigurationPlatforms) = postSolution
		{D823DC26-4717-468C-AE75-482FF9FED0DC}.Debug|Any CPU.ActiveCfg = Debug|Any CPU
		{D823DC26-4717-468C-AE75-482FF9FED0DC}.Debug|Any CPU.Build.0 = Debug|Any CPU
		{D823DC26-4717-468C-AE75-482FF9FED0DC}.Debug|x64.ActiveCfg = Debug|Any CPU
		{D823DC26-4717-468C-AE75-482FF9FED0DC}.Debug|x64.Build.0 = Debug|Any CPU
		{D823DC26-4717-468C-AE75-482FF9FED0DC}.Debug|x86.ActiveCfg = Debug|Any CPU
		{D823DC26-4717-468C-AE75-482FF9FED0DC}.Debug|x86.Build.0 = Debug|Any CPU
		{D823DC26-4717-468C-AE75-482FF9FED0DC}.Release|Any CPU.ActiveCfg = Release|Any CPU
		{D823DC26-4717-468C-AE75-482FF9FED0DC}.Release|Any CPU.Build.0 = Release|Any CPU
		{D823DC26-4717-468C-AE75-482FF9FED0DC}.Release|x64.ActiveCfg = Release|Any CPU
		{D823DC26-4717-468C-AE75-482FF9FED0DC}.Release|x64.Build.0 = Release|Any CPU
		{D823DC26-4717-468C-AE75-482FF9FED0DC}.Release|x86.ActiveCfg = Release|Any CPU
		{D823DC26-4717-468C-AE75-482FF9FED0DC}.Release|x86.Build.0 = Release|Any CPU
		{45B0144C-3AE2-4F18-8334-7705ADE61CF5}.Debug|Any CPU.ActiveCfg = Debug|Any CPU
		{45B0144C-3AE2-4F18-8334-7705ADE61CF5}.Debug|Any CPU.Build.0 = Debug|Any CPU
		{45B0144C-3AE2-4F18-8334-7705ADE61CF5}.Debug|x64.ActiveCfg = Debug|Any CPU
		{45B0144C-3AE2-4F18-8334-7705ADE61CF5}.Debug|x64.Build.0 = Debug|Any CPU
		{45B0144C-3AE2-4F18-8334-7705ADE61CF5}.Debug|x86.ActiveCfg = Debug|Any CPU
		{45B0144C-3AE2-4F18-8334-7705ADE61CF5}.Debug|x86.Build.0 = Debug|Any CPU
		{45B0144C-3AE2-4F18-8334-7705ADE61CF5}.Release|Any CPU.ActiveCfg = Release|Any CPU
		{45B0144C-3AE2-4F18-8334-7705ADE61CF5}.Release|Any CPU.Build.0 = Release|Any CPU
		{45B0144C-3AE2-4F18-8334-7705ADE61CF5}.Release|x64.ActiveCfg = Release|Any CPU
		{45B0144C-3AE2-4F18-8334-7705ADE61CF5}.Release|x64.Build.0 = Release|Any CPU
		{45B0144C-3AE2-4F18-8334-7705ADE61CF5}.Release|x86.ActiveCfg = Release|Any CPU
		{45B0144C-3AE2-4F18-8334-7705ADE61CF5}.Release|x86.Build.0 = Release|Any CPU
		{50165349-C38A-48A2-B31E-BBFD9F853DA6}.Debug|Any CPU.ActiveCfg = Debug|Any CPU
		{50165349-C38A-48A2-B31E-BBFD9F853DA6}.Debug|Any CPU.Build.0 = Debug|Any CPU
		{50165349-C38A-48A2-B31E-BBFD9F853DA6}.Debug|x64.ActiveCfg = Debug|Any CPU
		{50165349-C38A-48A2-B31E-BBFD9F853DA6}.Debug|x64.Build.0 = Debug|Any CPU
		{50165349-C38A-48A2-B31E-BBFD9F853DA6}.Debug|x86.ActiveCfg = Debug|Any CPU
		{50165349-C38A-48A2-B31E-BBFD9F853DA6}.Debug|x86.Build.0 = Debug|Any CPU
		{50165349-C38A-48A2-B31E-BBFD9F853DA6}.Release|Any CPU.ActiveCfg = Release|Any CPU
		{50165349-C38A-48A2-B31E-BBFD9F853DA6}.Release|Any CPU.Build.0 = Release|Any CPU
		{50165349-C38A-48A2-B31E-BBFD9F853DA6}.Release|x64.ActiveCfg = Release|Any CPU
		{50165349-C38A-48A2-B31E-BBFD9F853DA6}.Release|x64.Build.0 = Release|Any CPU
		{50165349-C38A-48A2-B31E-BBFD9F853DA6}.Release|x86.ActiveCfg = Release|Any CPU
		{50165349-C38A-48A2-B31E-BBFD9F853DA6}.Release|x86.Build.0 = Release|Any CPU
		{D145DB15-6E5F-4B81-B6DF-257EFF31C053}.Debug|Any CPU.ActiveCfg = Debug|Any CPU
		{D145DB15-6E5F-4B81-B6DF-257EFF31C053}.Debug|Any CPU.Build.0 = Debug|Any CPU
		{D145DB15-6E5F-4B81-B6DF-257EFF31C053}.Debug|x64.ActiveCfg = Debug|Any CPU
		{D145DB15-6E5F-4B81-B6DF-257EFF31C053}.Debug|x64.Build.0 = Debug|Any CPU
		{D145DB15-6E5F-4B81-B6DF-257EFF31C053}.Debug|x86.ActiveCfg = Debug|Any CPU
		{D145DB15-6E5F-4B81-B6DF-257EFF31C053}.Debug|x86.Build.0 = Debug|Any CPU
		{D145DB15-6E5F-4B81-B6DF-257EFF31C053}.Release|Any CPU.ActiveCfg = Release|Any CPU
		{D145DB15-6E5F-4B81-B6DF-257EFF31C053}.Release|Any CPU.Build.0 = Release|Any CPU
		{D145DB15-6E5F-4B81-B6DF-257EFF31C053}.Release|x64.ActiveCfg = Release|Any CPU
		{D145DB15-6E5F-4B81-B6DF-257EFF31C053}.Release|x64.Build.0 = Release|Any CPU
		{D145DB15-6E5F-4B81-B6DF-257EFF31C053}.Release|x86.ActiveCfg = Release|Any CPU
		{D145DB15-6E5F-4B81-B6DF-257EFF31C053}.Release|x86.Build.0 = Release|Any CPU
		{5AFE7FAD-1FB7-4243-B190-EF6097BCF9AF}.Debug|Any CPU.ActiveCfg = Debug|Any CPU
		{5AFE7FAD-1FB7-4243-B190-EF6097BCF9AF}.Debug|Any CPU.Build.0 = Debug|Any CPU
		{5AFE7FAD-1FB7-4243-B190-EF6097BCF9AF}.Debug|x64.ActiveCfg = Debug|Any CPU
		{5AFE7FAD-1FB7-4243-B190-EF6097BCF9AF}.Debug|x64.Build.0 = Debug|Any CPU
		{5AFE7FAD-1FB7-4243-B190-EF6097BCF9AF}.Debug|x86.ActiveCfg = Debug|Any CPU
		{5AFE7FAD-1FB7-4243-B190-EF6097BCF9AF}.Debug|x86.Build.0 = Debug|Any CPU
		{5AFE7FAD-1FB7-4243-B190-EF6097BCF9AF}.Release|Any CPU.ActiveCfg = Release|Any CPU
		{5AFE7FAD-1FB7-4243-B190-EF6097BCF9AF}.Release|Any CPU.Build.0 = Release|Any CPU
		{5AFE7FAD-1FB7-4243-B190-EF6097BCF9AF}.Release|x64.ActiveCfg = Release|Any CPU
		{5AFE7FAD-1FB7-4243-B190-EF6097BCF9AF}.Release|x64.Build.0 = Release|Any CPU
		{5AFE7FAD-1FB7-4243-B190-EF6097BCF9AF}.Release|x86.ActiveCfg = Release|Any CPU
		{5AFE7FAD-1FB7-4243-B190-EF6097BCF9AF}.Release|x86.Build.0 = Release|Any CPU
		{75A6D57B-B2DC-4ACD-95FD-53404731AB1B}.Debug|Any CPU.ActiveCfg = Debug|Any CPU
		{75A6D57B-B2DC-4ACD-95FD-53404731AB1B}.Debug|Any CPU.Build.0 = Debug|Any CPU
		{75A6D57B-B2DC-4ACD-95FD-53404731AB1B}.Debug|x64.ActiveCfg = Debug|Any CPU
		{75A6D57B-B2DC-4ACD-95FD-53404731AB1B}.Debug|x64.Build.0 = Debug|Any CPU
		{75A6D57B-B2DC-4ACD-95FD-53404731AB1B}.Debug|x86.ActiveCfg = Debug|Any CPU
		{75A6D57B-B2DC-4ACD-95FD-53404731AB1B}.Debug|x86.Build.0 = Debug|Any CPU
		{75A6D57B-B2DC-4ACD-95FD-53404731AB1B}.Release|Any CPU.ActiveCfg = Release|Any CPU
		{75A6D57B-B2DC-4ACD-95FD-53404731AB1B}.Release|Any CPU.Build.0 = Release|Any CPU
		{75A6D57B-B2DC-4ACD-95FD-53404731AB1B}.Release|x64.ActiveCfg = Release|Any CPU
		{75A6D57B-B2DC-4ACD-95FD-53404731AB1B}.Release|x64.Build.0 = Release|Any CPU
		{75A6D57B-B2DC-4ACD-95FD-53404731AB1B}.Release|x86.ActiveCfg = Release|Any CPU
		{75A6D57B-B2DC-4ACD-95FD-53404731AB1B}.Release|x86.Build.0 = Release|Any CPU
		{ED4E5F14-CC20-49E7-8A80-3E5F206DBE16}.Debug|Any CPU.ActiveCfg = Debug|Any CPU
		{ED4E5F14-CC20-49E7-8A80-3E5F206DBE16}.Debug|Any CPU.Build.0 = Debug|Any CPU
		{ED4E5F14-CC20-49E7-8A80-3E5F206DBE16}.Debug|x64.ActiveCfg = Debug|Any CPU
		{ED4E5F14-CC20-49E7-8A80-3E5F206DBE16}.Debug|x64.Build.0 = Debug|Any CPU
		{ED4E5F14-CC20-49E7-8A80-3E5F206DBE16}.Debug|x86.ActiveCfg = Debug|Any CPU
		{ED4E5F14-CC20-49E7-8A80-3E5F206DBE16}.Debug|x86.Build.0 = Debug|Any CPU
		{ED4E5F14-CC20-49E7-8A80-3E5F206DBE16}.Release|Any CPU.ActiveCfg = Release|Any CPU
		{ED4E5F14-CC20-49E7-8A80-3E5F206DBE16}.Release|Any CPU.Build.0 = Release|Any CPU
		{ED4E5F14-CC20-49E7-8A80-3E5F206DBE16}.Release|x64.ActiveCfg = Release|Any CPU
		{ED4E5F14-CC20-49E7-8A80-3E5F206DBE16}.Release|x64.Build.0 = Release|Any CPU
		{ED4E5F14-CC20-49E7-8A80-3E5F206DBE16}.Release|x86.ActiveCfg = Release|Any CPU
		{ED4E5F14-CC20-49E7-8A80-3E5F206DBE16}.Release|x86.Build.0 = Release|Any CPU
		{E90DF10C-6595-40B4-8816-9673AA65AB1D}.Debug|Any CPU.ActiveCfg = Debug|Any CPU
		{E90DF10C-6595-40B4-8816-9673AA65AB1D}.Debug|Any CPU.Build.0 = Debug|Any CPU
		{E90DF10C-6595-40B4-8816-9673AA65AB1D}.Debug|x64.ActiveCfg = Debug|Any CPU
		{E90DF10C-6595-40B4-8816-9673AA65AB1D}.Debug|x64.Build.0 = Debug|Any CPU
		{E90DF10C-6595-40B4-8816-9673AA65AB1D}.Debug|x86.ActiveCfg = Debug|Any CPU
		{E90DF10C-6595-40B4-8816-9673AA65AB1D}.Debug|x86.Build.0 = Debug|Any CPU
		{E90DF10C-6595-40B4-8816-9673AA65AB1D}.Release|Any CPU.ActiveCfg = Release|Any CPU
		{E90DF10C-6595-40B4-8816-9673AA65AB1D}.Release|Any CPU.Build.0 = Release|Any CPU
		{E90DF10C-6595-40B4-8816-9673AA65AB1D}.Release|x64.ActiveCfg = Release|Any CPU
		{E90DF10C-6595-40B4-8816-9673AA65AB1D}.Release|x64.Build.0 = Release|Any CPU
		{E90DF10C-6595-40B4-8816-9673AA65AB1D}.Release|x86.ActiveCfg = Release|Any CPU
		{E90DF10C-6595-40B4-8816-9673AA65AB1D}.Release|x86.Build.0 = Release|Any CPU
		{511CA723-DD8F-4486-B90C-3CBF8462631B}.Debug|Any CPU.ActiveCfg = Debug|Any CPU
		{511CA723-DD8F-4486-B90C-3CBF8462631B}.Debug|Any CPU.Build.0 = Debug|Any CPU
		{511CA723-DD8F-4486-B90C-3CBF8462631B}.Debug|x64.ActiveCfg = Debug|Any CPU
		{511CA723-DD8F-4486-B90C-3CBF8462631B}.Debug|x64.Build.0 = Debug|Any CPU
		{511CA723-DD8F-4486-B90C-3CBF8462631B}.Debug|x86.ActiveCfg = Debug|Any CPU
		{511CA723-DD8F-4486-B90C-3CBF8462631B}.Debug|x86.Build.0 = Debug|Any CPU
		{511CA723-DD8F-4486-B90C-3CBF8462631B}.Release|Any CPU.ActiveCfg = Release|Any CPU
		{511CA723-DD8F-4486-B90C-3CBF8462631B}.Release|Any CPU.Build.0 = Release|Any CPU
		{511CA723-DD8F-4486-B90C-3CBF8462631B}.Release|x64.ActiveCfg = Release|Any CPU
		{511CA723-DD8F-4486-B90C-3CBF8462631B}.Release|x64.Build.0 = Release|Any CPU
		{511CA723-DD8F-4486-B90C-3CBF8462631B}.Release|x86.ActiveCfg = Release|Any CPU
		{511CA723-DD8F-4486-B90C-3CBF8462631B}.Release|x86.Build.0 = Release|Any CPU
	EndGlobalSection
	GlobalSection(SolutionProperties) = preSolution
		HideSolutionNode = FALSE
	EndGlobalSection
EndGlobal
